// !$*UTF8*$!
{
	archiveVersion = 1;
	classes = {
	};
	objectVersion = 46;
	objects = {

/* Begin PBXBuildFile section */
		B2566E6D1C1AB3A100D13D39 /* main.m in Sources */ = {isa = PBXBuildFile; fileRef = B2566E6C1C1AB3A100D13D39 /* main.m */; };
		B2566E701C1AB3A100D13D39 /* AppDelegate.m in Sources */ = {isa = PBXBuildFile; fileRef = B2566E6F1C1AB3A100D13D39 /* AppDelegate.m */; };
		B2566E731C1AB3A100D13D39 /* ViewController.m in Sources */ = {isa = PBXBuildFile; fileRef = B2566E721C1AB3A100D13D39 /* ViewController.m */; };
		B2566E761C1AB3A100D13D39 /* Main.storyboard in Resources */ = {isa = PBXBuildFile; fileRef = B2566E741C1AB3A100D13D39 /* Main.storyboard */; };
		B2566E781C1AB3A100D13D39 /* Assets.xcassets in Resources */ = {isa = PBXBuildFile; fileRef = B2566E771C1AB3A100D13D39 /* Assets.xcassets */; };
		B2566E7B1C1AB3A100D13D39 /* LaunchScreen.storyboard in Resources */ = {isa = PBXBuildFile; fileRef = B2566E791C1AB3A100D13D39 /* LaunchScreen.storyboard */; };
		B2566E861C1AB3A200D13D39 /* PopToRootDemoTests.m in Sources */ = {isa = PBXBuildFile; fileRef = B2566E851C1AB3A200D13D39 /* PopToRootDemoTests.m */; };
		B2566E911C1AB3A200D13D39 /* PopToRootDemoUITests.m in Sources */ = {isa = PBXBuildFile; fileRef = B2566E901C1AB3A200D13D39 /* PopToRootDemoUITests.m */; };
		B28625D41C1AC13E00F8F38C /* NYParentViewController.m in Sources */ = {isa = PBXBuildFile; fileRef = B28625D31C1AC13E00F8F38C /* NYParentViewController.m */; settings = {ASSET_TAGS = (); }; };
		B28625D71C1AC15300F8F38C /* NYGroupViewController.m in Sources */ = {isa = PBXBuildFile; fileRef = B28625D61C1AC15300F8F38C /* NYGroupViewController.m */; settings = {ASSET_TAGS = (); }; };
		B28625DA1C1AC16400F8F38C /* NYDetailViewController.m in Sources */ = {isa = PBXBuildFile; fileRef = B28625D91C1AC16400F8F38C /* NYDetailViewController.m */; settings = {ASSET_TAGS = (); }; };
/* End PBXBuildFile section */

/* Begin PBXContainerItemProxy section */
		B2566E821C1AB3A200D13D39 /* PBXContainerItemProxy */ = {
			isa = PBXContainerItemProxy;
			containerPortal = B2566E601C1AB3A100D13D39 /* Project object */;
			proxyType = 1;
			remoteGlobalIDString = B2566E671C1AB3A100D13D39;
			remoteInfo = PopToRootDemo;
		};
		B2566E8D1C1AB3A200D13D39 /* PBXContainerItemProxy */ = {
			isa = PBXContainerItemProxy;
			containerPortal = B2566E601C1AB3A100D13D39 /* Project object */;
			proxyType = 1;
			remoteGlobalIDString = B2566E671C1AB3A100D13D39;
			remoteInfo = PopToRootDemo;
		};
/* End PBXContainerItemProxy section */

/* Begin PBXFileReference section */
		B2566E681C1AB3A100D13D39 /* PopToRootDemo.app */ = {isa = PBXFileReference; explicitFileType = wrapper.application; includeInIndex = 0; path = PopToRootDemo.app; sourceTree = BUILT_PRODUCTS_DIR; };
		B2566E6C1C1AB3A100D13D39 /* main.m */ = {isa = PBXFileReference; lastKnownFileType = sourcecode.c.objc; path = main.m; sourceTree = "<group>"; };
		B2566E6E1C1AB3A100D13D39 /* AppDelegate.h */ = {isa = PBXFileReference; lastKnownFileType = sourcecode.c.h; path = AppDelegate.h; sourceTree = "<group>"; };
		B2566E6F1C1AB3A100D13D39 /* AppDelegate.m */ = {isa = PBXFileReference; lastKnownFileType = sourcecode.c.objc; path = AppDelegate.m; sourceTree = "<group>"; };
		B2566E711C1AB3A100D13D39 /* ViewController.h */ = {isa = PBXFileReference; lastKnownFileType = sourcecode.c.h; path = ViewController.h; sourceTree = "<group>"; };
		B2566E721C1AB3A100D13D39 /* ViewController.m */ = {isa = PBXFileReference; lastKnownFileType = sourcecode.c.objc; path = ViewController.m; sourceTree = "<group>"; };
		B2566E751C1AB3A100D13D39 /* Base */ = {isa = PBXFileReference; lastKnownFileType = file.storyboard; name = Base; path = Base.lproj/Main.storyboard; sourceTree = "<group>"; };
		B2566E771C1AB3A100D13D39 /* Assets.xcassets */ = {isa = PBXFileReference; lastKnownFileType = folder.assetcatalog; path = Assets.xcassets; sourceTree = "<group>"; };
		B2566E7A1C1AB3A100D13D39 /* Base */ = {isa = PBXFileReference; lastKnownFileType = file.storyboard; name = Base; path = Base.lproj/LaunchScreen.storyboard; sourceTree = "<group>"; };
		B2566E7C1C1AB3A100D13D39 /* Info.plist */ = {isa = PBXFileReference; lastKnownFileType = text.plist.xml; path = Info.plist; sourceTree = "<group>"; };
		B2566E811C1AB3A200D13D39 /* PopToRootDemoTests.xctest */ = {isa = PBXFileReference; explicitFileType = wrapper.cfbundle; includeInIndex = 0; path = PopToRootDemoTests.xctest; sourceTree = BUILT_PRODUCTS_DIR; };
		B2566E851C1AB3A200D13D39 /* PopToRootDemoTests.m */ = {isa = PBXFileReference; lastKnownFileType = sourcecode.c.objc; path = PopToRootDemoTests.m; sourceTree = "<group>"; };
		B2566E871C1AB3A200D13D39 /* Info.plist */ = {isa = PBXFileReference; lastKnownFileType = text.plist.xml; path = Info.plist; sourceTree = "<group>"; };
		B2566E8C1C1AB3A200D13D39 /* PopToRootDemoUITests.xctest */ = {isa = PBXFileReference; explicitFileType = wrapper.cfbundle; includeInIndex = 0; path = PopToRootDemoUITests.xctest; sourceTree = BUILT_PRODUCTS_DIR; };
		B2566E901C1AB3A200D13D39 /* PopToRootDemoUITests.m */ = {isa = PBXFileReference; lastKnownFileType = sourcecode.c.objc; path = PopToRootDemoUITests.m; sourceTree = "<group>"; };
		B2566E921C1AB3A200D13D39 /* Info.plist */ = {isa = PBXFileReference; lastKnownFileType = text.plist.xml; path = Info.plist; sourceTree = "<group>"; };
		B28625D21C1AC13E00F8F38C /* NYParentViewController.h */ = {isa = PBXFileReference; fileEncoding = 4; lastKnownFileType = sourcecode.c.h; path = NYParentViewController.h; sourceTree = "<group>"; };
		B28625D31C1AC13E00F8F38C /* NYParentViewController.m */ = {isa = PBXFileReference; fileEncoding = 4; lastKnownFileType = sourcecode.c.objc; path = NYParentViewController.m; sourceTree = "<group>"; };
		B28625D51C1AC15300F8F38C /* NYGroupViewController.h */ = {isa = PBXFileReference; fileEncoding = 4; lastKnownFileType = sourcecode.c.h; path = NYGroupViewController.h; sourceTree = "<group>"; };
		B28625D61C1AC15300F8F38C /* NYGroupViewController.m */ = {isa = PBXFileReference; fileEncoding = 4; lastKnownFileType = sourcecode.c.objc; path = NYGroupViewController.m; sourceTree = "<group>"; };
		B28625D81C1AC16400F8F38C /* NYDetailViewController.h */ = {isa = PBXFileReference; fileEncoding = 4; lastKnownFileType = sourcecode.c.h; path = NYDetailViewController.h; sourceTree = "<group>"; };
		B28625D91C1AC16400F8F38C /* NYDetailViewController.m */ = {isa = PBXFileReference; fileEncoding = 4; lastKnownFileType = sourcecode.c.objc; path = NYDetailViewController.m; sourceTree = "<group>"; };
/* End PBXFileReference section */

/* Begin PBXFrameworksBuildPhase section */
		B2566E651C1AB3A100D13D39 /* Frameworks */ = {
			isa = PBXFrameworksBuildPhase;
			buildActionMask = 2147483647;
			files = (
			);
			runOnlyForDeploymentPostprocessing = 0;
		};
		B2566E7E1C1AB3A200D13D39 /* Frameworks */ = {
			isa = PBXFrameworksBuildPhase;
			buildActionMask = 2147483647;
			files = (
			);
			runOnlyForDeploymentPostprocessing = 0;
		};
		B2566E891C1AB3A200D13D39 /* Frameworks */ = {
			isa = PBXFrameworksBuildPhase;
			buildActionMask = 2147483647;
			files = (
			);
			runOnlyForDeploymentPostprocessing = 0;
		};
/* End PBXFrameworksBuildPhase section */

/* Begin PBXGroup section */
		B2566E5F1C1AB3A100D13D39 = {
			isa = PBXGroup;
			children = (
				B2566E6A1C1AB3A100D13D39 /* PopToRootDemo */,
				B2566E841C1AB3A200D13D39 /* PopToRootDemoTests */,
				B2566E8F1C1AB3A200D13D39 /* PopToRootDemoUITests */,
				B2566E691C1AB3A100D13D39 /* Products */,
			);
			sourceTree = "<group>";
		};
		B2566E691C1AB3A100D13D39 /* Products */ = {
			isa = PBXGroup;
			children = (
				B2566E681C1AB3A100D13D39 /* PopToRootDemo.app */,
				B2566E811C1AB3A200D13D39 /* PopToRootDemoTests.xctest */,
				B2566E8C1C1AB3A200D13D39 /* PopToRootDemoUITests.xctest */,
			);
			name = Products;
			sourceTree = "<group>";
		};
		B2566E6A1C1AB3A100D13D39 /* PopToRootDemo */ = {
			isa = PBXGroup;
			children = (
				B2566E6E1C1AB3A100D13D39 /* AppDelegate.h */,
				B2566E6F1C1AB3A100D13D39 /* AppDelegate.m */,
				B2566E711C1AB3A100D13D39 /* ViewController.h */,
				B2566E721C1AB3A100D13D39 /* ViewController.m */,
				B28625D21C1AC13E00F8F38C /* NYParentViewController.h */,
				B28625D31C1AC13E00F8F38C /* NYParentViewController.m */,
				B28625D51C1AC15300F8F38C /* NYGroupViewController.h */,
				B28625D61C1AC15300F8F38C /* NYGroupViewController.m */,
				B28625D81C1AC16400F8F38C /* NYDetailViewController.h */,
				B28625D91C1AC16400F8F38C /* NYDetailViewController.m */,
				B2566E741C1AB3A100D13D39 /* Main.storyboard */,
				B2566E771C1AB3A100D13D39 /* Assets.xcassets */,
				B2566E791C1AB3A100D13D39 /* LaunchScreen.storyboard */,
				B2566E7C1C1AB3A100D13D39 /* Info.plist */,
				B2566E6B1C1AB3A100D13D39 /* Supporting Files */,
			);
			path = PopToRootDemo;
			sourceTree = "<group>";
		};
		B2566E6B1C1AB3A100D13D39 /* Supporting Files */ = {
			isa = PBXGroup;
			children = (
				B2566E6C1C1AB3A100D13D39 /* main.m */,
			);
			name = "Supporting Files";
			sourceTree = "<group>";
		};
		B2566E841C1AB3A200D13D39 /* PopToRootDemoTests */ = {
			isa = PBXGroup;
			children = (
				B2566E851C1AB3A200D13D39 /* PopToRootDemoTests.m */,
				B2566E871C1AB3A200D13D39 /* Info.plist */,
			);
			path = PopToRootDemoTests;
			sourceTree = "<group>";
		};
		B2566E8F1C1AB3A200D13D39 /* PopToRootDemoUITests */ = {
			isa = PBXGroup;
			children = (
				B2566E901C1AB3A200D13D39 /* PopToRootDemoUITests.m */,
				B2566E921C1AB3A200D13D39 /* Info.plist */,
			);
			path = PopToRootDemoUITests;
			sourceTree = "<group>";
		};
/* End PBXGroup section */

/* Begin PBXNativeTarget section */
		B2566E671C1AB3A100D13D39 /* PopToRootDemo */ = {
			isa = PBXNativeTarget;
			buildConfigurationList = B2566E951C1AB3A200D13D39 /* Build configuration list for PBXNativeTarget "PopToRootDemo" */;
			buildPhases = (
				B2566E641C1AB3A100D13D39 /* Sources */,
				B2566E651C1AB3A100D13D39 /* Frameworks */,
				B2566E661C1AB3A100D13D39 /* Resources */,
			);
			buildRules = (
			);
			dependencies = (
			);
			name = PopToRootDemo;
			productName = PopToRootDemo;
			productReference = B2566E681C1AB3A100D13D39 /* PopToRootDemo.app */;
			productType = "com.apple.product-type.application";
		};
		B2566E801C1AB3A200D13D39 /* PopToRootDemoTests */ = {
			isa = PBXNativeTarget;
			buildConfigurationList = B2566E981C1AB3A200D13D39 /* Build configuration list for PBXNativeTarget "PopToRootDemoTests" */;
			buildPhases = (
				B2566E7D1C1AB3A200D13D39 /* Sources */,
				B2566E7E1C1AB3A200D13D39 /* Frameworks */,
				B2566E7F1C1AB3A200D13D39 /* Resources */,
			);
			buildRules = (
			);
			dependencies = (
				B2566E831C1AB3A200D13D39 /* PBXTargetDependency */,
			);
			name = PopToRootDemoTests;
			productName = PopToRootDemoTests;
			productReference = B2566E811C1AB3A200D13D39 /* PopToRootDemoTests.xctest */;
			productType = "com.apple.product-type.bundle.unit-test";
		};
		B2566E8B1C1AB3A200D13D39 /* PopToRootDemoUITests */ = {
			isa = PBXNativeTarget;
			buildConfigurationList = B2566E9B1C1AB3A200D13D39 /* Build configuration list for PBXNativeTarget "PopToRootDemoUITests" */;
			buildPhases = (
				B2566E881C1AB3A200D13D39 /* Sources */,
				B2566E891C1AB3A200D13D39 /* Frameworks */,
				B2566E8A1C1AB3A200D13D39 /* Resources */,
			);
			buildRules = (
			);
			dependencies = (
				B2566E8E1C1AB3A200D13D39 /* PBXTargetDependency */,
			);
			name = PopToRootDemoUITests;
			productName = PopToRootDemoUITests;
			productReference = B2566E8C1C1AB3A200D13D39 /* PopToRootDemoUITests.xctest */;
			productType = "com.apple.product-type.bundle.ui-testing";
		};
/* End PBXNativeTarget section */

/* Begin PBXProject section */
		B2566E601C1AB3A100D13D39 /* Project object */ = {
			isa = PBXProject;
			attributes = {
				LastUpgradeCheck = 0700;
				ORGANIZATIONNAME = caonongyun;
				TargetAttributes = {
					B2566E671C1AB3A100D13D39 = {
						CreatedOnToolsVersion = 7.0;
						DevelopmentTeam = 8K684WSCKB;
					};
					B2566E801C1AB3A200D13D39 = {
						CreatedOnToolsVersion = 7.0;
						DevelopmentTeam = 8K684WSCKB;
						TestTargetID = B2566E671C1AB3A100D13D39;
					};
					B2566E8B1C1AB3A200D13D39 = {
						CreatedOnToolsVersion = 7.0;
						DevelopmentTeam = 8K684WSCKB;
						TestTargetID = B2566E671C1AB3A100D13D39;
					};
				};
			};
			buildConfigurationList = B2566E631C1AB3A100D13D39 /* Build configuration list for PBXProject "PopToRootDemo" */;
			compatibilityVersion = "Xcode 3.2";
			developmentRegion = English;
			hasScannedForEncodings = 0;
			knownRegions = (
				en,
				Base,
			);
			mainGroup = B2566E5F1C1AB3A100D13D39;
			productRefGroup = B2566E691C1AB3A100D13D39 /* Products */;
			projectDirPath = "";
			projectRoot = "";
			targets = (
				B2566E671C1AB3A100D13D39 /* PopToRootDemo */,
				B2566E801C1AB3A200D13D39 /* PopToRootDemoTests */,
				B2566E8B1C1AB3A200D13D39 /* PopToRootDemoUITests */,
			);
		};
/* End PBXProject section */

/* Begin PBXResourcesBuildPhase section */
		B2566E661C1AB3A100D13D39 /* Resources */ = {
			isa = PBXResourcesBuildPhase;
			buildActionMask = 2147483647;
			files = (
				B2566E7B1C1AB3A100D13D39 /* LaunchScreen.storyboard in Resources */,
				B2566E781C1AB3A100D13D39 /* Assets.xcassets in Resources */,
				B2566E761C1AB3A100D13D39 /* Main.storyboard in Resources */,
			);
			runOnlyForDeploymentPostprocessing = 0;
		};
		B2566E7F1C1AB3A200D13D39 /* Resources */ = {
			isa = PBXResourcesBuildPhase;
			buildActionMask = 2147483647;
			files = (
			);
			runOnlyForDeploymentPostprocessing = 0;
		};
		B2566E8A1C1AB3A200D13D39 /* Resources */ = {
			isa = PBXResourcesBuildPhase;
			buildActionMask = 2147483647;
			files = (
			);
			runOnlyForDeploymentPostprocessing = 0;
		};
/* End PBXResourcesBuildPhase section */

/* Begin PBXSourcesBuildPhase section */
		B2566E641C1AB3A100D13D39 /* Sources */ = {
			isa = PBXSourcesBuildPhase;
			buildActionMask = 2147483647;
			files = (
				B2566E731C1AB3A100D13D39 /* ViewController.m in Sources */,
				B28625D41C1AC13E00F8F38C /* NYParentViewController.m in Sources */,
				B28625DA1C1AC16400F8F38C /* NYDetailViewController.m in Sources */,
				B28625D71C1AC15300F8F38C /* NYGroupViewController.m in Sources */,
				B2566E701C1AB3A100D13D39 /* AppDelegate.m in Sources */,
				B2566E6D1C1AB3A100D13D39 /* main.m in Sources */,
			);
			runOnlyForDeploymentPostprocessing = 0;
		};
		B2566E7D1C1AB3A200D13D39 /* Sources */ = {
			isa = PBXSourcesBuildPhase;
			buildActionMask = 2147483647;
			files = (
				B2566E861C1AB3A200D13D39 /* PopToRootDemoTests.m in Sources */,
			);
			runOnlyForDeploymentPostprocessing = 0;
		};
		B2566E881C1AB3A200D13D39 /* Sources */ = {
			isa = PBXSourcesBuildPhase;
			buildActionMask = 2147483647;
			files = (
				B2566E911C1AB3A200D13D39 /* PopToRootDemoUITests.m in Sources */,
			);
			runOnlyForDeploymentPostprocessing = 0;
		};
/* End PBXSourcesBuildPhase section */

/* Begin PBXTargetDependency section */
		B2566E831C1AB3A200D13D39 /* PBXTargetDependency */ = {
			isa = PBXTargetDependency;
			target = B2566E671C1AB3A100D13D39 /* PopToRootDemo */;
			targetProxy = B2566E821C1AB3A200D13D39 /* PBXContainerItemProxy */;
		};
		B2566E8E1C1AB3A200D13D39 /* PBXTargetDependency */ = {
			isa = PBXTargetDependency;
			target = B2566E671C1AB3A100D13D39 /* PopToRootDemo */;
			targetProxy = B2566E8D1C1AB3A200D13D39 /* PBXContainerItemProxy */;
		};
/* End PBXTargetDependency section */

/* Begin PBXVariantGroup section */
		B2566E741C1AB3A100D13D39 /* Main.storyboard */ = {
			isa = PBXVariantGroup;
			children = (
				B2566E751C1AB3A100D13D39 /* Base */,
			);
			name = Main.storyboard;
			sourceTree = "<group>";
		};
		B2566E791C1AB3A100D13D39 /* LaunchScreen.storyboard */ = {
			isa = PBXVariantGroup;
			children = (
				B2566E7A1C1AB3A100D13D39 /* Base */,
			);
			name = LaunchScreen.storyboard;
			sourceTree = "<group>";
		};
/* End PBXVariantGroup section */

/* Begin XCBuildConfiguration section */
		B2566E931C1AB3A200D13D39 /* Debug */ = {
			isa = XCBuildConfiguration;
			buildSettings = {
				ALWAYS_SEARCH_USER_PATHS = NO;
				CLANG_CXX_LANGUAGE_STANDARD = "gnu++0x";
				CLANG_CXX_LIBRARY = "libc++";
				CLANG_ENABLE_MODULES = YES;
				CLANG_ENABLE_OBJC_ARC = YES;
				CLANG_WARN_BOOL_CONVERSION = YES;
				CLANG_WARN_CONSTANT_CONVERSION = YES;
				CLANG_WARN_DIRECT_OBJC_ISA_USAGE = YES_ERROR;
				CLANG_WARN_EMPTY_BODY = YES;
				CLANG_WARN_ENUM_CONVERSION = YES;
				CLANG_WARN_INT_CONVERSION = YES;
				CLANG_WARN_OBJC_ROOT_CLASS = YES_ERROR;
				CLANG_WARN_UNREACHABLE_CODE = YES;
				CLANG_WARN__DUPLICATE_METHOD_MATCH = YES;
				"CODE_SIGN_IDENTITY[sdk=iphoneos*]" = "iPhone Developer";
				COPY_PHASE_STRIP = NO;
				DEBUG_INFORMATION_FORMAT = dwarf;
				ENABLE_STRICT_OBJC_MSGSEND = YES;
				ENABLE_TESTABILITY = YES;
				GCC_C_LANGUAGE_STANDARD = gnu99;
				GCC_DYNAMIC_NO_PIC = NO;
				GCC_NO_COMMON_BLOCKS = YES;
				GCC_OPTIMIZATION_LEVEL = 0;
				GCC_PREPROCESSOR_DEFINITIONS = (
					"DEBUG=1",
					"$(inherited)",
				);
				GCC_WARN_64_TO_32_BIT_CONVERSION = YES;
				GCC_WARN_ABOUT_RETURN_TYPE = YES_ERROR;
				GCC_WARN_UNDECLARED_SELECTOR = YES;
				GCC_WARN_UNINITIALIZED_AUTOS = YES_AGGRESSIVE;
				GCC_WARN_UNUSED_FUNCTION = YES;
				GCC_WARN_UNUSED_VARIABLE = YES;
				IPHONEOS_DEPLOYMENT_TARGET = 9.0;
				MTL_ENABLE_DEBUG_INFO = YES;
				ONLY_ACTIVE_ARCH = YES;
				SDKROOT = iphoneos;
				TARGETED_DEVICE_FAMILY = "1,2";
			};
			name = Debug;
		};
		B2566E941C1AB3A200D13D39 /* Release */ = {
			isa = XCBuildConfiguration;
			buildSettings = {
				ALWAYS_SEARCH_USER_PATHS = NO;
				CLANG_CXX_LANGUAGE_STANDARD = "gnu++0x";
				CLANG_CXX_LIBRARY = "libc++";
				CLANG_ENABLE_MODULES = YES;
				CLANG_ENABLE_OBJC_ARC = YES;
				CLANG_WARN_BOOL_CONVERSION = YES;
				CLANG_WARN_CONSTANT_CONVERSION = YES;
				CLANG_WARN_DIRECT_OBJC_ISA_USAGE = YES_ERROR;
				CLANG_WARN_EMPTY_BODY = YES;
				CLANG_WARN_ENUM_CONVERSION = YES;
				CLANG_WARN_INT_CONVERSION = YES;
				CLANG_WARN_OBJC_ROOT_CLASS = YES_ERROR;
				CLANG_WARN_UNREACHABLE_CODE = YES;
				CLANG_WARN__DUPLICATE_METHOD_MATCH = YES;
				"CODE_SIGN_IDENTITY[sdk=iphoneos*]" = "iPhone Developer";
				COPY_PHASE_STRIP = NO;
				DEBUG_INFORMATION_FORMAT = "dwarf-with-dsym";
				ENABLE_NS_ASSERTIONS = NO;
				ENABLE_STRICT_OBJC_MSGSEND = YES;
				GCC_C_LANGUAGE_STANDARD = gnu99;
				GCC_NO_COMMON_BLOCKS = YES;
				GCC_WARN_64_TO_32_BIT_CONVERSION = YES;
				GCC_WARN_ABOUT_RETURN_TYPE = YES_ERROR;
				GCC_WARN_UNDECLARED_SELECTOR = YES;
				GCC_WARN_UNINITIALIZED_AUTOS = YES_AGGRESSIVE;
				GCC_WARN_UNUSED_FUNCTION = YES;
				GCC_WARN_UNUSED_VARIABLE = YES;
				IPHONEOS_DEPLOYMENT_TARGET = 9.0;
				MTL_ENABLE_DEBUG_INFO = NO;
				SDKROOT = iphoneos;
				TARGETED_DEVICE_FAMILY = "1,2";
				VALIDATE_PRODUCT = YES;
			};
			name = Release;
		};
		B2566E961C1AB3A200D13D39 /* Debug */ = {
			isa = XCBuildConfiguration;
			buildSettings = {
				ASSETCATALOG_COMPILER_APPICON_NAME = AppIcon;
				INFOPLIST_FILE = PopToRootDemo/Info.plist;
				LD_RUNPATH_SEARCH_PATHS = "$(inherited) @executable_path/Frameworks";
				PRODUCT_BUNDLE_IDENTIFIER = CN.PopToRootDemo;
				PRODUCT_NAME = "$(TARGET_NAME)";
			};
			name = Debug;
		};
		B2566E971C1AB3A200D13D39 /* Release */ = {
			isa = XCBuildConfiguration;
			buildSettings = {
				ASSETCATALOG_COMPILER_APPICON_NAME = AppIcon;
				INFOPLIST_FILE = PopToRootDemo/Info.plist;
				LD_RUNPATH_SEARCH_PATHS = "$(inherited) @executable_path/Frameworks";
				PRODUCT_BUNDLE_IDENTIFIER = CN.PopToRootDemo;
				PRODUCT_NAME = "$(TARGET_NAME)";
			};
			name = Release;
		};
		B2566E991C1AB3A200D13D39 /* Debug */ = {
			isa = XCBuildConfiguration;
			buildSettings = {
				BUNDLE_LOADER = "$(TEST_HOST)";
				INFOPLIST_FILE = PopToRootDemoTests/Info.plist;
				LD_RUNPATH_SEARCH_PATHS = "$(inherited) @executable_path/Frameworks @loader_path/Frameworks";
				PRODUCT_BUNDLE_IDENTIFIER = CN.PopToRootDemoTests;
				PRODUCT_NAME = "$(TARGET_NAME)";
				TEST_HOST = "$(BUILT_PRODUCTS_DIR)/PopToRootDemo.app/PopToRootDemo";
			};
			name = Debug;
		};
		B2566E9A1C1AB3A200D13D39 /* Release */ = {
			isa = XCBuildConfiguration;
			buildSettings = {
				BUNDLE_LOADER = "$(TEST_HOST)";
				INFOPLIST_FILE = PopToRootDemoTests/Info.plist;
				LD_RUNPATH_SEARCH_PATHS = "$(inherited) @executable_path/Frameworks @loader_path/Frameworks";
				PRODUCT_BUNDLE_IDENTIFIER = CN.PopToRootDemoTests;
				PRODUCT_NAME = "$(TARGET_NAME)";
				TEST_HOST = "$(BUILT_PRODUCTS_DIR)/PopToRootDemo.app/PopToRootDemo";
			};
			name = Release;
		};
		B2566E9C1C1AB3A200D13D39 /* Debug */ = {
			isa = XCBuildConfiguration;
			buildSettings = {
				INFOPLIST_FILE = PopToRootDemoUITests/Info.plist;
				LD_RUNPATH_SEARCH_PATHS = "$(inherited) @executable_path/Frameworks @loader_path/Frameworks";
				PRODUCT_BUNDLE_IDENTIFIER = CN.PopToRootDemoUITests;
				PRODUCT_NAME = "$(TARGET_NAME)";
				TEST_TARGET_NAME = PopToRootDemo;
				USES_XCTRUNNER = YES;
			};
			name = Debug;
		};
		B2566E9D1C1AB3A200D13D39 /* Release */ = {
			isa = XCBuildConfiguration;
			buildSettings = {
				INFOPLIST_FILE = PopToRootDemoUITests/Info.plist;
				LD_RUNPATH_SEARCH_PATHS = "$(inherited) @executable_path/Frameworks @loader_path/Frameworks";
				PRODUCT_BUNDLE_IDENTIFIER = CN.PopToRootDemoUITests;
				PRODUCT_NAME = "$(TARGET_NAME)";
				TEST_TARGET_NAME = PopToRootDemo;
				USES_XCTRUNNER = YES;
			};
			name = Release;
		};
/* End XCBuildConfiguration section */

/* Begin XCConfigurationList section */
		B2566E631C1AB3A100D13D39 /* Build configuration list for PBXProject "PopToRootDemo" */ = {
			isa = XCConfigurationList;
			buildConfigurations = (
				B2566E931C1AB3A200D13D39 /* Debug */,
				B2566E941C1AB3A200D13D39 /* Release */,
			);
			defaultConfigurationIsVisible = 0;
			defaultConfigurationName = Release;
		};
		B2566E951C1AB3A200D13D39 /* Build configuration list for PBXNativeTarget "PopToRootDemo" */ = {
			isa = XCConfigurationList;
			buildConfigurations = (
				B2566E961C1AB3A200D13D39 /* Debug */,
				B2566E971C1AB3A200D13D39 /* Release */,
			);
			defaultConfigurationIsVisible = 0;
			defaultConfigurationName = Release;
		};
		B2566E981C1AB3A200D13D39 /* Build configuration list for PBXNativeTarget "PopToRootDemoTests" */ = {
			isa = XCConfigurationList;
			buildConfigurations = (
				B2566E991C1AB3A200D13D39 /* Debug */,
				B2566E9A1C1AB3A200D13D39 /* Release */,
			);
			defaultConfigurationIsVisible = 0;
			defaultConfigurationName = Release;
		};
		B2566E9B1C1AB3A200D13D39 /* Build configuration list for PBXNativeTarget "PopToRootDemoUITests" */ = {
			isa = XCConfigurationList;
			buildConfigurations = (
				B2566E9C1C1AB3A200D13D39 /* Debug */,
				B2566E9D1C1AB3A200D13D39 /* Release */,
			);
			defaultConfigurationIsVisible = 0;
			defaultConfigurationName = Release;
		};
/* End XCConfigurationList section */
	};
	rootObject = B2566E601C1AB3A100D13D39 /* Project object */;
}
